
Microsoft Visual Studio Solution File, Format Version 12.00
# Visual Studio Version 17
VisualStudioVersion = 17.7.34031.279
MinimumVisualStudioVersion = 10.0.40219.1
Project("{FAE04EC0-301F-11D3-BF4B-00C04F79EFBC}") = "tickets", "tickets\tickets.csproj", "{F05E999E-A358-4372-8554-FD3780574ED5}"
EndProject
Global
	GlobalSection(SolutionConfigurationPlatforms) = preSolution
		Debug|Any CPU = Debug|Any CPU
		Release|Any CPU = Release|Any CPU
	EndGlobalSection
	GlobalSection(ProjectConfigurationPlatforms) = postSolution
		{F05E999E-A358-4372-8554-FD3780574ED5}.Debug|Any CPU.ActiveCfg = Debug|Any CPU
		{F05E999E-A358-4372-8554-FD3780574ED5}.Debug|Any CPU.Build.0 = Debug|Any CPU
		{F05E999E-A358-4372-8554-FD3780574ED5}.Release|Any CPU.ActiveCfg = Release|Any CPU
		{F05E999E-A358-4372-8554-FD3780574ED5}.Release|Any CPU.Build.0 = Release|Any CPU
	EndGlobalSection
	GlobalSection(SolutionProperties) = preSolution
		HideSolutionNode = FALSE
	EndGlobalSection
	GlobalSection(ExtensibilityGlobals) = postSolution
		SolutionGuid = {D2252164-9FF7-4593-A5CF-B2CA7DD05D94}
	EndGlobalSection
EndGlobal
